PODS:
  - JXCategoryView (1.5.9)
  - JXPagingView/Pager (2.0.10)

DEPENDENCIES:
  - JXCategoryView (from `../../JXCategoryView`)
  - JXPagingView/Pager

SPEC REPOS:
  https://github.com/CocoaPods/Specs.git:
    - JXPagingView

EXTERNAL SOURCES:
  JXCategoryView:
    :path: "../../JXCategoryView"

SPEC CHECKSUMS:
  JXCategoryView: 2ef9ecfd3735158d009ce02d1f29811aa822da65
  JXPagingView: 7db39b9562d5fac20ac6903e6f3d2fcbc86ae542

PODFILE CHECKSUM: eeaeae8638778f2993ed7a403b59d48ec34c8611

COCOAPODS: 1.11.0.beta.2
